
Microsoft Visual Studio Solution File, Format Version 12.00
# Visual Studio Version 16
VisualStudioVersion = 16.0.31205.134
MinimumVisualStudioVersion = 10.0.40219.1
Project("{FAE04EC0-301F-11D3-BF4B-00C04F79EFBC}") = "SiteActivityApi", "SiteActivityApi\SiteActivityApi.csproj", "{FA0DF082-15FB-4BC8-980B-174CB2AC422B}"
EndProject
Project("{FAE04EC0-301F-11D3-BF4B-00C04F79EFBC}") = "SiteActivityApi.Test", "SiteActivityApi.Test\SiteActivityApi.Test.csproj", "{E03CD83D-AD68-4BF4-A7F5-E8FC27544211}"
EndProject
Global
	GlobalSection(SolutionConfigurationPlatforms) = preSolution
		Debug|Any CPU = Debug|Any CPU
		Release|Any CPU = Release|Any CPU
	EndGlobalSection
	GlobalSection(ProjectConfigurationPlatforms) = postSolution
		{FA0DF082-15FB-4BC8-980B-174CB2AC422B}.Debug|Any CPU.ActiveCfg = Debug|Any CPU
		{FA0DF082-15FB-4BC8-980B-174CB2AC422B}.Debug|Any CPU.Build.0 = Debug|Any CPU
		{FA0DF082-15FB-4BC8-980B-174CB2AC422B}.Release|Any CPU.ActiveCfg = Release|Any CPU
		{FA0DF082-15FB-4BC8-980B-174CB2AC422B}.Release|Any CPU.Build.0 = Release|Any CPU
		{E03CD83D-AD68-4BF4-A7F5-E8FC27544211}.Debug|Any CPU.ActiveCfg = Debug|Any CPU
		{E03CD83D-AD68-4BF4-A7F5-E8FC27544211}.Debug|Any CPU.Build.0 = Debug|Any CPU
		{E03CD83D-AD68-4BF4-A7F5-E8FC27544211}.Release|Any CPU.ActiveCfg = Release|Any CPU
		{E03CD83D-AD68-4BF4-A7F5-E8FC27544211}.Release|Any CPU.Build.0 = Release|Any CPU
	EndGlobalSection
	GlobalSection(SolutionProperties) = preSolution
		HideSolutionNode = FALSE
	EndGlobalSection
	GlobalSection(ExtensibilityGlobals) = postSolution
		SolutionGuid = {0D442912-392A-47AA-BA93-0E33A8D51EDA}
	EndGlobalSection
EndGlobal
